<Solution>
  <Folder Name="/backend/" />
  <Folder Name="/backend/src/">
    <Project Path="backend/src/Timesheet.Api/Timesheet.Api.csproj" />
    <Project Path="backend/src/Timesheet.Application/Timesheet.Application.csproj" />
    <Project Path="backend/src/Timesheet.Domain/Timesheet.Domain.csproj" />
    <Project Path="backend/src/Timesheet.Infrastructure/Timesheet.Infrastructure.csproj" />
  </Folder>
  <Folder Name="/backend/tests/">
    <Project Path="backend/tests/Timesheet.IntegrationTests/Timesheet.IntegrationTests.csproj" />
    <Project Path="backend/tests/Timesheet.UnitTests/Timesheet.UnitTests.csproj" />
  </Folder>
</Solution>
