
Microsoft Visual Studio Solution File, Format Version 12.00
# Visual Studio Version 17
VisualStudioVersion = 17.0.31903.59
MinimumVisualStudioVersion = 10.0.40219.1
Project("{2150E333-8FDC-42A3-9474-1A3956D46DE8}") = "backend", "backend", "{1AE8ACA6-933B-BF2A-3671-3E2EAC007D16}"
EndProject
Project("{2150E333-8FDC-42A3-9474-1A3956D46DE8}") = "src", "src", "{0F9113EE-888A-26D2-68B0-4A7D0A2A8745}"
EndProject
Project("{FAE04EC0-301F-11D3-BF4B-00C04F79EFBC}") = "Timesheet.Domain", "backend\src\Timesheet.Domain\Timesheet.Domain.csproj", "{D4F827D8-96A2-4208-8BA4-EE14093BD387}"
EndProject
Project("{FAE04EC0-301F-11D3-BF4B-00C04F79EFBC}") = "Timesheet.Application", "backend\src\Timesheet.Application\Timesheet.Application.csproj", "{0281C827-D401-4F59-9F9D-D6407C924E70}"
EndProject
Project("{FAE04EC0-301F-11D3-BF4B-00C04F79EFBC}") = "Timesheet.Infrastructure", "backend\src\Timesheet.Infrastructure\Timesheet.Infrastructure.csproj", "{DBDD5BEB-AF91-4095-902B-AC0B50DFB13C}"
EndProject
Project("{FAE04EC0-301F-11D3-BF4B-00C04F79EFBC}") = "Timesheet.Api", "backend\src\Timesheet.Api\Timesheet.Api.csproj", "{5452BBB5-B76C-4276-8BF3-6438C97A4134}"
EndProject
Project("{2150E333-8FDC-42A3-9474-1A3956D46DE8}") = "tests", "tests", "{F57642F3-C37C-D174-720E-6A6AAD5BEE22}"
EndProject
Project("{FAE04EC0-301F-11D3-BF4B-00C04F79EFBC}") = "Timesheet.UnitTests", "backend\tests\Timesheet.UnitTests\Timesheet.UnitTests.csproj", "{7A77D707-9CEE-4AF1-ACB8-6097C0E2926F}"
EndProject
Project("{FAE04EC0-301F-11D3-BF4B-00C04F79EFBC}") = "Timesheet.IntegrationTests", "backend\tests\Timesheet.IntegrationTests\Timesheet.IntegrationTests.csproj", "{94C5A54D-8541-4372-936C-9B6F9F968466}"
EndProject
Global
	GlobalSection(SolutionConfigurationPlatforms) = preSolution
		Debug|Any CPU = Debug|Any CPU
		Debug|x64 = Debug|x64
		Debug|x86 = Debug|x86
		Release|Any CPU = Release|Any CPU
		Release|x64 = Release|x64
		Release|x86 = Release|x86
	EndGlobalSection
	GlobalSection(ProjectConfigurationPlatforms) = postSolution
		{D4F827D8-96A2-4208-8BA4-EE14093BD387}.Debug|Any CPU.ActiveCfg = Debug|Any CPU
		{D4F827D8-96A2-4208-8BA4-EE14093BD387}.Debug|Any CPU.Build.0 = Debug|Any CPU
		{D4F827D8-96A2-4208-8BA4-EE14093BD387}.Debug|x64.ActiveCfg = Debug|Any CPU
		{D4F827D8-96A2-4208-8BA4-EE14093BD387}.Debug|x64.Build.0 = Debug|Any CPU
		{D4F827D8-96A2-4208-8BA4-EE14093BD387}.Debug|x86.ActiveCfg = Debug|Any CPU
		{D4F827D8-96A2-4208-8BA4-EE14093BD387}.Debug|x86.Build.0 = Debug|Any CPU
		{D4F827D8-96A2-4208-8BA4-EE14093BD387}.Release|Any CPU.ActiveCfg = Release|Any CPU
		{D4F827D8-96A2-4208-8BA4-EE14093BD387}.Release|Any CPU.Build.0 = Release|Any CPU
		{D4F827D8-96A2-4208-8BA4-EE14093BD387}.Release|x64.ActiveCfg = Release|Any CPU
		{D4F827D8-96A2-4208-8BA4-EE14093BD387}.Release|x64.Build.0 = Release|Any CPU
		{D4F827D8-96A2-4208-8BA4-EE14093BD387}.Release|x86.ActiveCfg = Release|Any CPU
		{D4F827D8-96A2-4208-8BA4-EE14093BD387}.Release|x86.Build.0 = Release|Any CPU
		{0281C827-D401-4F59-9F9D-D6407C924E70}.Debug|Any CPU.ActiveCfg = Debug|Any CPU
		{0281C827-D401-4F59-9F9D-D6407C924E70}.Debug|Any CPU.Build.0 = Debug|Any CPU
		{0281C827-D401-4F59-9F9D-D6407C924E70}.Debug|x64.ActiveCfg = Debug|Any CPU
		{0281C827-D401-4F59-9F9D-D6407C924E70}.Debug|x64.Build.0 = Debug|Any CPU
		{0281C827-D401-4F59-9F9D-D6407C924E70}.Debug|x86.ActiveCfg = Debug|Any CPU
		{0281C827-D401-4F59-9F9D-D6407C924E70}.Debug|x86.Build.0 = Debug|Any CPU
		{0281C827-D401-4F59-9F9D-D6407C924E70}.Release|Any CPU.ActiveCfg = Release|Any CPU
		{0281C827-D401-4F59-9F9D-D6407C924E70}.Release|Any CPU.Build.0 = Release|Any CPU
		{0281C827-D401-4F59-9F9D-D6407C924E70}.Release|x64.ActiveCfg = Release|Any CPU
		{0281C827-D401-4F59-9F9D-D6407C924E70}.Release|x64.Build.0 = Release|Any CPU
		{0281C827-D401-4F59-9F9D-D6407C924E70}.Release|x86.ActiveCfg = Release|Any CPU
		{0281C827-D401-4F59-9F9D-D6407C924E70}.Release|x86.Build.0 = Release|Any CPU
		{DBDD5BEB-AF91-4095-902B-AC0B50DFB13C}.Debug|Any CPU.ActiveCfg = Debug|Any CPU
		{DBDD5BEB-AF91-4095-902B-AC0B50DFB13C}.Debug|Any CPU.Build.0 = Debug|Any CPU
		{DBDD5BEB-AF91-4095-902B-AC0B50DFB13C}.Debug|x64.ActiveCfg = Debug|Any CPU
		{DBDD5BEB-AF91-4095-902B-AC0B50DFB13C}.Debug|x64.Build.0 = Debug|Any CPU
		{DBDD5BEB-AF91-4095-902B-AC0B50DFB13C}.Debug|x86.ActiveCfg = Debug|Any CPU
		{DBDD5BEB-AF91-4095-902B-AC0B50DFB13C}.Debug|x86.Build.0 = Debug|Any CPU
		{DBDD5BEB-AF91-4095-902B-AC0B50DFB13C}.Release|Any CPU.ActiveCfg = Release|Any CPU
		{DBDD5BEB-AF91-4095-902B-AC0B50DFB13C}.Release|Any CPU.Build.0 = Release|Any CPU
		{DBDD5BEB-AF91-4095-902B-AC0B50DFB13C}.Release|x64.ActiveCfg = Release|Any CPU
		{DBDD5BEB-AF91-4095-902B-AC0B50DFB13C}.Release|x64.Build.0 = Release|Any CPU
		{DBDD5BEB-AF91-4095-902B-AC0B50DFB13C}.Release|x86.ActiveCfg = Release|Any CPU
		{DBDD5BEB-AF91-4095-902B-AC0B50DFB13C}.Release|x86.Build.0 = Release|Any CPU
		{5452BBB5-B76C-4276-8BF3-6438C97A4134}.Debug|Any CPU.ActiveCfg = Debug|Any CPU
		{5452BBB5-B76C-4276-8BF3-6438C97A4134}.Debug|Any CPU.Build.0 = Debug|Any CPU
		{5452BBB5-B76C-4276-8BF3-6438C97A4134}.Debug|x64.ActiveCfg = Debug|Any CPU
		{5452BBB5-B76C-4276-8BF3-6438C97A4134}.Debug|x64.Build.0 = Debug|Any CPU
		{5452BBB5-B76C-4276-8BF3-6438C97A4134}.Debug|x86.ActiveCfg = Debug|Any CPU
		{5452BBB5-B76C-4276-8BF3-6438C97A4134}.Debug|x86.Build.0 = Debug|Any CPU
		{5452BBB5-B76C-4276-8BF3-6438C97A4134}.Release|Any CPU.ActiveCfg = Release|Any CPU
		{5452BBB5-B76C-4276-8BF3-6438C97A4134}.Release|Any CPU.Build.0 = Release|Any CPU
		{5452BBB5-B76C-4276-8BF3-6438C97A4134}.Release|x64.ActiveCfg = Release|Any CPU
		{5452BBB5-B76C-4276-8BF3-6438C97A4134}.Release|x64.Build.0 = Release|Any CPU
		{5452BBB5-B76C-4276-8BF3-6438C97A4134}.Release|x86.ActiveCfg = Release|Any CPU
		{5452BBB5-B76C-4276-8BF3-6438C97A4134}.Release|x86.Build.0 = Release|Any CPU
		{7A77D707-9CEE-4AF1-ACB8-6097C0E2926F}.Debug|Any CPU.ActiveCfg = Debug|Any CPU
		{7A77D707-9CEE-4AF1-ACB8-6097C0E2926F}.Debug|Any CPU.Build.0 = Debug|Any CPU
		{7A77D707-9CEE-4AF1-ACB8-6097C0E2926F}.Debug|x64.ActiveCfg = Debug|Any CPU
		{7A77D707-9CEE-4AF1-ACB8-6097C0E2926F}.Debug|x64.Build.0 = Debug|Any CPU
		{7A77D707-9CEE-4AF1-ACB8-6097C0E2926F}.Debug|x86.ActiveCfg = Debug|Any CPU
		{7A77D707-9CEE-4AF1-ACB8-6097C0E2926F}.Debug|x86.Build.0 = Debug|Any CPU
		{7A77D707-9CEE-4AF1-ACB8-6097C0E2926F}.Release|Any CPU.ActiveCfg = Release|Any CPU
		{7A77D707-9CEE-4AF1-ACB8-6097C0E2926F}.Release|Any CPU.Build.0 = Release|Any CPU
		{7A77D707-9CEE-4AF1-ACB8-6097C0E2926F}.Release|x64.ActiveCfg = Release|Any CPU
		{7A77D707-9CEE-4AF1-ACB8-6097C0E2926F}.Release|x64.Build.0 = Release|Any CPU
		{7A77D707-9CEE-4AF1-ACB8-6097C0E2926F}.Release|x86.ActiveCfg = Release|Any CPU
		{7A77D707-9CEE-4AF1-ACB8-6097C0E2926F}.Release|x86.Build.0 = Release|Any CPU
		{94C5A54D-8541-4372-936C-9B6F9F968466}.Debug|Any CPU.ActiveCfg = Debug|Any CPU
		{94C5A54D-8541-4372-936C-9B6F9F968466}.Debug|Any CPU.Build.0 = Debug|Any CPU
		{94C5A54D-8541-4372-936C-9B6F9F968466}.Debug|x64.ActiveCfg = Debug|Any CPU
		{94C5A54D-8541-4372-936C-9B6F9F968466}.Debug|x64.Build.0 = Debug|Any CPU
		{94C5A54D-8541-4372-936C-9B6F9F968466}.Debug|x86.ActiveCfg = Debug|Any CPU
		{94C5A54D-8541-4372-936C-9B6F9F968466}.Debug|x86.Build.0 = Debug|Any CPU
		{94C5A54D-8541-4372-936C-9B6F9F968466}.Release|Any CPU.ActiveCfg = Release|Any CPU
		{94C5A54D-8541-4372-936C-9B6F9F968466}.Release|Any CPU.Build.0 = Release|Any CPU
		{94C5A54D-8541-4372-936C-9B6F9F968466}.Release|x64.ActiveCfg = Release|Any CPU
		{94C5A54D-8541-4372-936C-9B6F9F968466}.Release|x64.Build.0 = Release|Any CPU
		{94C5A54D-8541-4372-936C-9B6F9F968466}.Release|x86.ActiveCfg = Release|Any CPU
		{94C5A54D-8541-4372-936C-9B6F9F968466}.Release|x86.Build.0 = Release|Any CPU
	EndGlobalSection
	GlobalSection(SolutionProperties) = preSolution
		HideSolutionNode = FALSE
	EndGlobalSection
	GlobalSection(NestedProjects) = preSolution
		{0F9113EE-888A-26D2-68B0-4A7D0A2A8745} = {1AE8ACA6-933B-BF2A-3671-3E2EAC007D16}
		{D4F827D8-96A2-4208-8BA4-EE14093BD387} = {0F9113EE-888A-26D2-68B0-4A7D0A2A8745}
		{0281C827-D401-4F59-9F9D-D6407C924E70} = {0F9113EE-888A-26D2-68B0-4A7D0A2A8745}
		{DBDD5BEB-AF91-4095-902B-AC0B50DFB13C} = {0F9113EE-888A-26D2-68B0-4A7D0A2A8745}
		{5452BBB5-B76C-4276-8BF3-6438C97A4134} = {0F9113EE-888A-26D2-68B0-4A7D0A2A8745}
		{F57642F3-C37C-D174-720E-6A6AAD5BEE22} = {1AE8ACA6-933B-BF2A-3671-3E2EAC007D16}
		{7A77D707-9CEE-4AF1-ACB8-6097C0E2926F} = {F57642F3-C37C-D174-720E-6A6AAD5BEE22}
		{94C5A54D-8541-4372-936C-9B6F9F968466} = {F57642F3-C37C-D174-720E-6A6AAD5BEE22}
	EndGlobalSection
EndGlobal
